
Microsoft Visual Studio Solution File, Format Version 12.00
# Visual Studio Version 17
VisualStudioVersion = 17.10.35122.118
MinimumVisualStudioVersion = 10.0.40219.1
Project("{FAE04EC0-301F-11D3-BF4B-00C04F79EFBC}") = "EjercicioInterface", "EjercicioInterface\EjercicioInterface.csproj", "{EA34E176-4AAE-4E8C-9115-13191F3E8C5A}"
EndProject
Global
	GlobalSection(SolutionConfigurationPlatforms) = preSolution
		Debug|Any CPU = Debug|Any CPU
		Release|Any CPU = Release|Any CPU
	EndGlobalSection
	GlobalSection(ProjectConfigurationPlatforms) = postSolution
		{EA34E176-4AAE-4E8C-9115-13191F3E8C5A}.Debug|Any CPU.ActiveCfg = Debug|Any CPU
		{EA34E176-4AAE-4E8C-9115-13191F3E8C5A}.Debug|Any CPU.Build.0 = Debug|Any CPU
		{EA34E176-4AAE-4E8C-9115-13191F3E8C5A}.Release|Any CPU.ActiveCfg = Release|Any CPU
		{EA34E176-4AAE-4E8C-9115-13191F3E8C5A}.Release|Any CPU.Build.0 = Release|Any CPU
	EndGlobalSection
	GlobalSection(SolutionProperties) = preSolution
		HideSolutionNode = FALSE
	EndGlobalSection
	GlobalSection(ExtensibilityGlobals) = postSolution
		SolutionGuid = {67537C5E-958A-40AD-9D35-E3A63F04CD40}
	EndGlobalSection
EndGlobal
